
Microsoft Visual Studio Solution File, Format Version 12.00
# Visual Studio Version 17
VisualStudioVersion = 17.11.35327.3
MinimumVisualStudioVersion = 10.0.40219.1
Project("{FAE04EC0-301F-11D3-BF4B-00C04F79EFBC}") = "Supletorio parcial 2", "Supletorio parcial 2.csproj", "{D71E2BA0-6041-4DF2-B08F-63334081ACBF}"
EndProject
Global
	GlobalSection(SolutionConfigurationPlatforms) = preSolution
		Debug|Any CPU = Debug|Any CPU
		Release|Any CPU = Release|Any CPU
	EndGlobalSection
	GlobalSection(ProjectConfigurationPlatforms) = postSolution
		{D71E2BA0-6041-4DF2-B08F-63334081ACBF}.Debug|Any CPU.ActiveCfg = Debug|Any CPU
		{D71E2BA0-6041-4DF2-B08F-63334081ACBF}.Debug|Any CPU.Build.0 = Debug|Any CPU
		{D71E2BA0-6041-4DF2-B08F-63334081ACBF}.Release|Any CPU.ActiveCfg = Release|Any CPU
		{D71E2BA0-6041-4DF2-B08F-63334081ACBF}.Release|Any CPU.Build.0 = Release|Any CPU
	EndGlobalSection
	GlobalSection(SolutionProperties) = preSolution
		HideSolutionNode = FALSE
	EndGlobalSection
	GlobalSection(ExtensibilityGlobals) = postSolution
		SolutionGuid = {0FF7CFD0-DB51-49E0-87AE-F58C1EB802AB}
	EndGlobalSection
EndGlobal
