
Microsoft Visual Studio Solution File, Format Version 12.00
# Visual Studio Version 17
VisualStudioVersion = 17.11.35327.3
MinimumVisualStudioVersion = 10.0.40219.1
Project("{FAE04EC0-301F-11D3-BF4B-00C04F79EFBC}") = "Parcial 1 condicionales Juan Pablo Ortiz", "Parcial 1 condicionales Juan Pablo Ortiz.csproj", "{83700984-3500-4AD3-A6E0-632030AD9047}"
EndProject
Global
	GlobalSection(SolutionConfigurationPlatforms) = preSolution
		Debug|Any CPU = Debug|Any CPU
		Release|Any CPU = Release|Any CPU
	EndGlobalSection
	GlobalSection(ProjectConfigurationPlatforms) = postSolution
		{83700984-3500-4AD3-A6E0-632030AD9047}.Debug|Any CPU.ActiveCfg = Debug|Any CPU
		{83700984-3500-4AD3-A6E0-632030AD9047}.Debug|Any CPU.Build.0 = Debug|Any CPU
		{83700984-3500-4AD3-A6E0-632030AD9047}.Release|Any CPU.ActiveCfg = Release|Any CPU
		{83700984-3500-4AD3-A6E0-632030AD9047}.Release|Any CPU.Build.0 = Release|Any CPU
	EndGlobalSection
	GlobalSection(SolutionProperties) = preSolution
		HideSolutionNode = FALSE
	EndGlobalSection
	GlobalSection(ExtensibilityGlobals) = postSolution
		SolutionGuid = {25682AEF-CCB8-42D7-80CA-260230C2AA61}
	EndGlobalSection
EndGlobal
