
Microsoft Visual Studio Solution File, Format Version 12.00
# Visual Studio Version 17
VisualStudioVersion = 17.14.36408.4 d17.14
MinimumVisualStudioVersion = 10.0.40219.1
Project("{FAE04EC0-301F-11D3-BF4B-00C04F79EFBC}") = "15", "15\15.csproj", "{D5DC7CA5-E71F-411E-97CC-4EEFBE67896E}"
EndProject
Global
	GlobalSection(SolutionConfigurationPlatforms) = preSolution
		Debug|Any CPU = Debug|Any CPU
		Release|Any CPU = Release|Any CPU
	EndGlobalSection
	GlobalSection(ProjectConfigurationPlatforms) = postSolution
		{D5DC7CA5-E71F-411E-97CC-4EEFBE67896E}.Debug|Any CPU.ActiveCfg = Debug|Any CPU
		{D5DC7CA5-E71F-411E-97CC-4EEFBE67896E}.Debug|Any CPU.Build.0 = Debug|Any CPU
		{D5DC7CA5-E71F-411E-97CC-4EEFBE67896E}.Release|Any CPU.ActiveCfg = Release|Any CPU
		{D5DC7CA5-E71F-411E-97CC-4EEFBE67896E}.Release|Any CPU.Build.0 = Release|Any CPU
	EndGlobalSection
	GlobalSection(SolutionProperties) = preSolution
		HideSolutionNode = FALSE
	EndGlobalSection
	GlobalSection(ExtensibilityGlobals) = postSolution
		SolutionGuid = {52AF048D-3C16-4424-AB80-D7691704BE40}
	EndGlobalSection
EndGlobal
